
Microsoft Visual Studio Solution File, Format Version 12.00
# Visual Studio 15
VisualStudioVersion = 15.0.27130.2027
MinimumVisualStudioVersion = 10.0.40219.1
Project("{888888A0-9F3D-457C-B088-3A5042F75D52}") = "KingMaker", "KingMaker\KingMaker.pyproj", "{19B00A26-9C33-496B-8A65-64A9EB5E785C}"
EndProject
Global
	GlobalSection(SolutionConfigurationPlatforms) = preSolution
		Debug|Any CPU = Debug|Any CPU
		Release|Any CPU = Release|Any CPU
	EndGlobalSection
	GlobalSection(ProjectConfigurationPlatforms) = postSolution
		{19B00A26-9C33-496B-8A65-64A9EB5E785C}.Debug|Any CPU.ActiveCfg = Debug|Any CPU
		{19B00A26-9C33-496B-8A65-64A9EB5E785C}.Release|Any CPU.ActiveCfg = Release|Any CPU
	EndGlobalSection
	GlobalSection(SolutionProperties) = preSolution
		HideSolutionNode = FALSE
	EndGlobalSection
	GlobalSection(ExtensibilityGlobals) = postSolution
		SolutionGuid = {934F7710-8EAE-4AF7-A309-EAF983EAB435}
	EndGlobalSection
EndGlobal
